Microsoft Visual Studio Solution File, Format Version 12.00
# Visual Studio Version 18
VisualStudioVersion = 18.1.11312.151
MinimumVisualStudioVersion = 10.0.40219.1
Project("{FAE04EC0-301F-11D3-BF4B-00C04F79EFBC}") = "LearningCsharp", "LearningCsharp\LearningCsharp.csproj", "{7854F0BB-F7E3-510B-2B7B-408439A0CE40}"
EndProject
Project("{FAE04EC0-301F-11D3-BF4B-00C04F79EFBC}") = "BankProject", "BankProject\BankProject.csproj", "{BC4CBC50-C411-4D8A-B380-AA5072B40999}"
EndProject
Project("{FAE04EC0-301F-11D3-BF4B-00C04F79EFBC}") = "BankTests", "BankTests\BankTests.csproj", "{BFFB3EC2-12C9-4979-AC11-3D4EF5DB925C}"
EndProject
Global
	GlobalSection(SolutionConfigurationPlatforms) = preSolution
		Debug|Any CPU = Debug|Any CPU
		Release|Any CPU = Release|Any CPU
	EndGlobalSection
	GlobalSection(ProjectConfigurationPlatforms) = postSolution
		{7854F0BB-F7E3-510B-2B7B-408439A0CE40}.Debug|Any CPU.ActiveCfg = Debug|Any CPU
		{7854F0BB-F7E3-510B-2B7B-408439A0CE40}.Debug|Any CPU.Build.0 = Debug|Any CPU
		{7854F0BB-F7E3-510B-2B7B-408439A0CE40}.Release|Any CPU.ActiveCfg = Release|Any CPU
		{7854F0BB-F7E3-510B-2B7B-408439A0CE40}.Release|Any CPU.Build.0 = Release|Any CPU
		{BC4CBC50-C411-4D8A-B380-AA5072B40999}.Debug|Any CPU.ActiveCfg = Debug|Any CPU
		{BC4CBC50-C411-4D8A-B380-AA5072B40999}.Debug|Any CPU.Build.0 = Debug|Any CPU
		{BC4CBC50-C411-4D8A-B380-AA5072B40999}.Release|Any CPU.ActiveCfg = Release|Any CPU
		{BC4CBC50-C411-4D8A-B380-AA5072B40999}.Release|Any CPU.Build.0 = Release|Any CPU
		{BFFB3EC2-12C9-4979-AC11-3D4EF5DB925C}.Debug|Any CPU.ActiveCfg = Debug|Any CPU
		{BFFB3EC2-12C9-4979-AC11-3D4EF5DB925C}.Debug|Any CPU.Build.0 = Debug|Any CPU
		{BFFB3EC2-12C9-4979-AC11-3D4EF5DB925C}.Release|Any CPU.ActiveCfg = Release|Any CPU
		{BFFB3EC2-12C9-4979-AC11-3D4EF5DB925C}.Release|Any CPU.Build.0 = Release|Any CPU
	EndGlobalSection
	GlobalSection(SolutionProperties) = preSolution
		HideSolutionNode = FALSE
	EndGlobalSection
	GlobalSection(ExtensibilityGlobals) = postSolution
		SolutionGuid = {D238DE67-82DA-4C9B-A523-EBD1B18F4900}
	EndGlobalSection
EndGlobal
